<Solution>
  <Folder Name="/demo/">
    <Project Path="demo/Csl.Demo/Csl.Demo.csproj" />
  </Folder>
  <Folder Name="/samples/">
    <Project Path="samples/MaterialShader/MaterialShader.Game/MaterialShader.Game.csproj" />
    <Project Path="samples/MaterialShader/MaterialShader.Windows/MaterialShader.Windows.csproj" />
    <Project Path="samples/Packs/mannequinModel/mannequinModel.csproj" />
    <Project Path="samples/Packs/PrototypingBlocks/PrototypingBlocks.csproj" />
    <Project Path="samples/Packs/SamplesAssetPackage/SamplesAssetPackage.csproj" />
    <Project Path="samples/Packs/VFXPackage/VFXPackage.csproj" />
    <Project Path="samples/TopDownRPG/TopDownRPG.Game/TopDownRPG.Game.csproj" />
    <Project Path="samples/TopDownRPG/TopDownRPG.Windows/TopDownRPG.Windows.csproj" />
  </Folder>
  <Folder Name="/samples/Packs/" />
  <Folder Name="/src/">
    <Project Path="src/Csl.Generators/Csl.Generators.csproj" />
    <Project Path="src/Csl.Runtime/Csl.Runtime.csproj" />
    <Project Path="src/Csl.Types/Csl.Types.csproj" />
    <Project Path="src/Csl.Debugging/Csl.Debugging.csproj" />
    <Project Path="src/Csl.Engine/Csl.Engine.csproj" />
    <Project Path="src/Csl.Tool/Csl.Tool.csproj" />
  </Folder>
  <Folder Name="/tests/">
    <Project Path="tests/Csl.Tests/Csl.Tests.csproj" />
    <Project Path="tests/Csl.TestApp/Csl.TestApp.csproj" />
  </Folder>
</Solution>
